
Microsoft Visual Studio Solution File, Format Version 12.00
# Visual Studio Version 16
VisualStudioVersion = 16.0.33529.622
MinimumVisualStudioVersion = 10.0.40219.1
Project("{FAE04EC0-301F-11D3-BF4B-00C04F79EFBC}") = "WF_2_2", "WF_2_2\WF_2_2.csproj", "{3C1E429E-9763-43E0-860D-143CB2745E6B}"
EndProject
Global
	GlobalSection(SolutionConfigurationPlatforms) = preSolution
		Debug|Any CPU = Debug|Any CPU
		Release|Any CPU = Release|Any CPU
	EndGlobalSection
	GlobalSection(ProjectConfigurationPlatforms) = postSolution
		{3C1E429E-9763-43E0-860D-143CB2745E6B}.Debug|Any CPU.ActiveCfg = Debug|Any CPU
		{3C1E429E-9763-43E0-860D-143CB2745E6B}.Debug|Any CPU.Build.0 = Debug|Any CPU
		{3C1E429E-9763-43E0-860D-143CB2745E6B}.Release|Any CPU.ActiveCfg = Release|Any CPU
		{3C1E429E-9763-43E0-860D-143CB2745E6B}.Release|Any CPU.Build.0 = Release|Any CPU
	EndGlobalSection
	GlobalSection(SolutionProperties) = preSolution
		HideSolutionNode = FALSE
	EndGlobalSection
	GlobalSection(ExtensibilityGlobals) = postSolution
		SolutionGuid = {668E82EB-18DC-409F-93DE-6D8A84E7B420}
	EndGlobalSection
EndGlobal
